
Microsoft Visual Studio Solution File, Format Version 12.00
# Visual Studio 15
VisualStudioVersion = 15.0.27703.2026
MinimumVisualStudioVersion = 10.0.40219.1
Project("{2150E333-8FDC-42A3-9474-1A3956D46DE8}") = "0 - UI", "0 - UI", "{3EDF7F15-A582-4658-96B6-E950666AF5CD}"
EndProject
Project("{2150E333-8FDC-42A3-9474-1A3956D46DE8}") = "1 - Services", "1 - Services", "{11E5DBEB-7174-467D-9A51-0C97A2B30A1D}"
EndProject
Project("{2150E333-8FDC-42A3-9474-1A3956D46DE8}") = "2 - Application", "2 - Application", "{29868FF2-25F7-4E73-A23D-B24380CA7BAA}"
EndProject
Project("{2150E333-8FDC-42A3-9474-1A3956D46DE8}") = "3 - Domain", "3 - Domain", "{335F8FA5-B344-41AF-BFE0-0B805EA75C3A}"
EndProject
Project("{2150E333-8FDC-42A3-9474-1A3956D46DE8}") = "4 - Infra", "4 - Infra", "{0E6F3016-5FB0-4144-9FB9-A4522FD74FD5}"
EndProject
Project("{9A19103F-16F7-4668-BE54-9A1E7A4F7556}") = "Boleiros.Domain", "Boleiros.Domain\Boleiros.Domain.csproj", "{C2CDA6EA-0001-412B-B988-1385E386F2C3}"
EndProject
Project("{2150E333-8FDC-42A3-9474-1A3956D46DE8}") = "4.1 - Data", "4.1 - Data", "{D276E41C-787F-41A6-999D-C0BFF8AECFC3}"
EndProject
Project("{9A19103F-16F7-4668-BE54-9A1E7A4F7556}") = "Boleiros.Infra.Data", "Boleiros.Infra.Data\Boleiros.Infra.Data.csproj", "{8D63F424-F23F-4729-AABD-00AC824A5BBA}"
EndProject
Project("{FAE04EC0-301F-11D3-BF4B-00C04F79EFBC}") = "Boleiros.UI", "Boleiros.UI\Boleiros.UI.csproj", "{DC61872D-E9BA-42FE-89EC-79108896E7D2}"
EndProject
Global
	GlobalSection(SolutionConfigurationPlatforms) = preSolution
		Debug|Any CPU = Debug|Any CPU
		Release|Any CPU = Release|Any CPU
	EndGlobalSection
	GlobalSection(ProjectConfigurationPlatforms) = postSolution
		{C2CDA6EA-0001-412B-B988-1385E386F2C3}.Debug|Any CPU.ActiveCfg = Debug|Any CPU
		{C2CDA6EA-0001-412B-B988-1385E386F2C3}.Debug|Any CPU.Build.0 = Debug|Any CPU
		{C2CDA6EA-0001-412B-B988-1385E386F2C3}.Release|Any CPU.ActiveCfg = Release|Any CPU
		{C2CDA6EA-0001-412B-B988-1385E386F2C3}.Release|Any CPU.Build.0 = Release|Any CPU
		{8D63F424-F23F-4729-AABD-00AC824A5BBA}.Debug|Any CPU.ActiveCfg = Debug|Any CPU
		{8D63F424-F23F-4729-AABD-00AC824A5BBA}.Debug|Any CPU.Build.0 = Debug|Any CPU
		{8D63F424-F23F-4729-AABD-00AC824A5BBA}.Release|Any CPU.ActiveCfg = Release|Any CPU
		{8D63F424-F23F-4729-AABD-00AC824A5BBA}.Release|Any CPU.Build.0 = Release|Any CPU
		{DC61872D-E9BA-42FE-89EC-79108896E7D2}.Debug|Any CPU.ActiveCfg = Debug|Any CPU
		{DC61872D-E9BA-42FE-89EC-79108896E7D2}.Debug|Any CPU.Build.0 = Debug|Any CPU
		{DC61872D-E9BA-42FE-89EC-79108896E7D2}.Release|Any CPU.ActiveCfg = Release|Any CPU
		{DC61872D-E9BA-42FE-89EC-79108896E7D2}.Release|Any CPU.Build.0 = Release|Any CPU
	EndGlobalSection
	GlobalSection(SolutionProperties) = preSolution
		HideSolutionNode = FALSE
	EndGlobalSection
	GlobalSection(NestedProjects) = preSolution
		{C2CDA6EA-0001-412B-B988-1385E386F2C3} = {335F8FA5-B344-41AF-BFE0-0B805EA75C3A}
		{D276E41C-787F-41A6-999D-C0BFF8AECFC3} = {0E6F3016-5FB0-4144-9FB9-A4522FD74FD5}
		{8D63F424-F23F-4729-AABD-00AC824A5BBA} = {D276E41C-787F-41A6-999D-C0BFF8AECFC3}
		{DC61872D-E9BA-42FE-89EC-79108896E7D2} = {3EDF7F15-A582-4658-96B6-E950666AF5CD}
	EndGlobalSection
	GlobalSection(ExtensibilityGlobals) = postSolution
		SolutionGuid = {ADA715EC-60BC-407E-B32F-645FC14B7DAF}
	EndGlobalSection
EndGlobal
